
Microsoft Visual Studio Solution File, Format Version 12.00
# Visual Studio 15
Project("{FAE04EC0-301F-11D3-BF4B-00C04F79EFBC}") = "Assembly-CSharp", "Assembly-CSharp.csproj", "{39974163-1B28-10C2-9F1A-38289B73AFCF}"
EndProject
Global
	GlobalSection(SolutionConfigurationPlatforms) = preSolution
		Debug|Any CPU = Debug|Any CPU
		Release|Any CPU = Release|Any CPU
	EndGlobalSection
	GlobalSection(ProjectConfigurationPlatforms) = postSolution
		{39974163-1B28-10C2-9F1A-38289B73AFCF}.Debug|Any CPU.ActiveCfg = Debug|Any CPU
		{39974163-1B28-10C2-9F1A-38289B73AFCF}.Debug|Any CPU.Build.0 = Debug|Any CPU
		{39974163-1B28-10C2-9F1A-38289B73AFCF}.Release|Any CPU.ActiveCfg = Release|Any CPU
		{39974163-1B28-10C2-9F1A-38289B73AFCF}.Release|Any CPU.Build.0 = Release|Any CPU
	EndGlobalSection
	GlobalSection(SolutionProperties) = preSolution
		HideSolutionNode = FALSE
	EndGlobalSection
EndGlobal
